
Microsoft Visual Studio Solution File, Format Version 12.00
# Visual Studio Version 17
VisualStudioVersion = 17.11.35303.130
MinimumVisualStudioVersion = 10.0.40219.1
Project("{FAE04EC0-301F-11D3-BF4B-00C04F79EFBC}") = "WebAPICrud", "WebAPICrud\WebAPICrud.csproj", "{C898868F-4C77-477E-8E8B-F965C96CD366}"
EndProject
Global
	GlobalSection(SolutionConfigurationPlatforms) = preSolution
		Debug|Any CPU = Debug|Any CPU
		Release|Any CPU = Release|Any CPU
	EndGlobalSection
	GlobalSection(ProjectConfigurationPlatforms) = postSolution
		{C898868F-4C77-477E-8E8B-F965C96CD366}.Debug|Any CPU.ActiveCfg = Debug|Any CPU
		{C898868F-4C77-477E-8E8B-F965C96CD366}.Debug|Any CPU.Build.0 = Debug|Any CPU
		{C898868F-4C77-477E-8E8B-F965C96CD366}.Release|Any CPU.ActiveCfg = Release|Any CPU
		{C898868F-4C77-477E-8E8B-F965C96CD366}.Release|Any CPU.Build.0 = Release|Any CPU
	EndGlobalSection
	GlobalSection(SolutionProperties) = preSolution
		HideSolutionNode = FALSE
	EndGlobalSection
	GlobalSection(ExtensibilityGlobals) = postSolution
		SolutionGuid = {0E715FD2-E50F-48D6-9DBF-10BF63DEE265}
	EndGlobalSection
EndGlobal
